
Microsoft Visual Studio Solution File, Format Version 12.00
# Visual Studio 15
VisualStudioVersion = 15.0.27130.2024
MinimumVisualStudioVersion = 10.0.40219.1
Project("{FAE04EC0-301F-11D3-BF4B-00C04F79EFBC}") = "Chapter2Talker", "Chapter2Talker\Chapter2Talker.csproj", "{90ACE70C-CFAF-4D7F-9FED-800FB2A1DAF9}"
EndProject
Global
	GlobalSection(SolutionConfigurationPlatforms) = preSolution
		Debug|Any CPU = Debug|Any CPU
		Release|Any CPU = Release|Any CPU
	EndGlobalSection
	GlobalSection(ProjectConfigurationPlatforms) = postSolution
		{90ACE70C-CFAF-4D7F-9FED-800FB2A1DAF9}.Debug|Any CPU.ActiveCfg = Debug|Any CPU
		{90ACE70C-CFAF-4D7F-9FED-800FB2A1DAF9}.Debug|Any CPU.Build.0 = Debug|Any CPU
		{90ACE70C-CFAF-4D7F-9FED-800FB2A1DAF9}.Release|Any CPU.ActiveCfg = Release|Any CPU
		{90ACE70C-CFAF-4D7F-9FED-800FB2A1DAF9}.Release|Any CPU.Build.0 = Release|Any CPU
	EndGlobalSection
	GlobalSection(SolutionProperties) = preSolution
		HideSolutionNode = FALSE
	EndGlobalSection
	GlobalSection(ExtensibilityGlobals) = postSolution
		SolutionGuid = {7313A110-CA93-4FD0-87C6-22A90FE738E6}
	EndGlobalSection
EndGlobal
